
Microsoft Visual Studio Solution File, Format Version 12.00
# Visual Studio 15
VisualStudioVersion = 15.0.28307.645
MinimumVisualStudioVersion = 10.0.40219.1
Project("{FAE04EC0-301F-11D3-BF4B-00C04F79EFBC}") = "ProcesadorAPI", "ProcesadorAPI\ProcesadorAPI.csproj", "{0204088E-67CE-458A-84B8-C03E0C45265C}"
EndProject
Project("{FAE04EC0-301F-11D3-BF4B-00C04F79EFBC}") = "CalculadoraApp", "CalculadoraApp\CalculadoraApp.csproj", "{0BD539A5-C13E-47A5-A918-F81BDC5FC07B}"
EndProject
Global
	GlobalSection(SolutionConfigurationPlatforms) = preSolution
		Debug|Any CPU = Debug|Any CPU
		Release|Any CPU = Release|Any CPU
	EndGlobalSection
	GlobalSection(ProjectConfigurationPlatforms) = postSolution
		{0204088E-67CE-458A-84B8-C03E0C45265C}.Debug|Any CPU.ActiveCfg = Debug|Any CPU
		{0204088E-67CE-458A-84B8-C03E0C45265C}.Debug|Any CPU.Build.0 = Debug|Any CPU
		{0204088E-67CE-458A-84B8-C03E0C45265C}.Release|Any CPU.ActiveCfg = Release|Any CPU
		{0204088E-67CE-458A-84B8-C03E0C45265C}.Release|Any CPU.Build.0 = Release|Any CPU
		{0BD539A5-C13E-47A5-A918-F81BDC5FC07B}.Debug|Any CPU.ActiveCfg = Debug|Any CPU
		{0BD539A5-C13E-47A5-A918-F81BDC5FC07B}.Debug|Any CPU.Build.0 = Debug|Any CPU
		{0BD539A5-C13E-47A5-A918-F81BDC5FC07B}.Release|Any CPU.ActiveCfg = Release|Any CPU
		{0BD539A5-C13E-47A5-A918-F81BDC5FC07B}.Release|Any CPU.Build.0 = Release|Any CPU
	EndGlobalSection
	GlobalSection(SolutionProperties) = preSolution
		HideSolutionNode = FALSE
	EndGlobalSection
	GlobalSection(ExtensibilityGlobals) = postSolution
		SolutionGuid = {6A522965-BB3A-4970-9219-BC53A4C10947}
	EndGlobalSection
EndGlobal
